
Microsoft Visual Studio Solution File, Format Version 12.00
# Visual Studio Version 16
VisualStudioVersion = 16.0.29209.62
MinimumVisualStudioVersion = 15.0.26124.0
Project("{9A19103F-16F7-4668-BE54-9A1E7A4F7556}") = "LBDIdentityServer4", "LBDIdentityServer4.csproj", "{32F88E44-6EEB-4481-B371-9066E94579BD}"
EndProject
Global
	GlobalSection(SolutionConfigurationPlatforms) = preSolution
		Debug|Any CPU = Debug|Any CPU
		Debug|x64 = Debug|x64
		Debug|x86 = Debug|x86
		Release|Any CPU = Release|Any CPU
		Release|x64 = Release|x64
		Release|x86 = Release|x86
	EndGlobalSection
	GlobalSection(ProjectConfigurationPlatforms) = postSolution
		{32F88E44-6EEB-4481-B371-9066E94579BD}.Debug|Any CPU.ActiveCfg = Debug|Any CPU
		{32F88E44-6EEB-4481-B371-9066E94579BD}.Debug|Any CPU.Build.0 = Debug|Any CPU
		{32F88E44-6EEB-4481-B371-9066E94579BD}.Debug|x64.ActiveCfg = Debug|Any CPU
		{32F88E44-6EEB-4481-B371-9066E94579BD}.Debug|x64.Build.0 = Debug|Any CPU
		{32F88E44-6EEB-4481-B371-9066E94579BD}.Debug|x86.ActiveCfg = Debug|Any CPU
		{32F88E44-6EEB-4481-B371-9066E94579BD}.Debug|x86.Build.0 = Debug|Any CPU
		{32F88E44-6EEB-4481-B371-9066E94579BD}.Release|Any CPU.ActiveCfg = Release|Any CPU
		{32F88E44-6EEB-4481-B371-9066E94579BD}.Release|Any CPU.Build.0 = Release|Any CPU
		{32F88E44-6EEB-4481-B371-9066E94579BD}.Release|x64.ActiveCfg = Release|Any CPU
		{32F88E44-6EEB-4481-B371-9066E94579BD}.Release|x64.Build.0 = Release|Any CPU
		{32F88E44-6EEB-4481-B371-9066E94579BD}.Release|x86.ActiveCfg = Release|Any CPU
		{32F88E44-6EEB-4481-B371-9066E94579BD}.Release|x86.Build.0 = Release|Any CPU
	EndGlobalSection
	GlobalSection(SolutionProperties) = preSolution
		HideSolutionNode = FALSE
	EndGlobalSection
	GlobalSection(ExtensibilityGlobals) = postSolution
		SolutionGuid = {BDDADBF8-A2E6-4E99-BCA9-29BBD683A515}
	EndGlobalSection
EndGlobal
